
Microsoft Visual Studio Solution File, Format Version 12.00
# Visual Studio Version 17
VisualStudioVersion = 17.2.32616.157
MinimumVisualStudioVersion = 10.0.40219.1
Project("{FAE04EC0-301F-11D3-BF4B-00C04F79EFBC}") = "useAPI", "useAPI\useAPI.csproj", "{90B0322C-9792-4438-B267-A31AA8C9A9BE}"
EndProject
Global
	GlobalSection(SolutionConfigurationPlatforms) = preSolution
		Debug|Any CPU = Debug|Any CPU
		Release|Any CPU = Release|Any CPU
	EndGlobalSection
	GlobalSection(ProjectConfigurationPlatforms) = postSolution
		{90B0322C-9792-4438-B267-A31AA8C9A9BE}.Debug|Any CPU.ActiveCfg = Debug|Any CPU
		{90B0322C-9792-4438-B267-A31AA8C9A9BE}.Debug|Any CPU.Build.0 = Debug|Any CPU
		{90B0322C-9792-4438-B267-A31AA8C9A9BE}.Release|Any CPU.ActiveCfg = Release|Any CPU
		{90B0322C-9792-4438-B267-A31AA8C9A9BE}.Release|Any CPU.Build.0 = Release|Any CPU
	EndGlobalSection
	GlobalSection(SolutionProperties) = preSolution
		HideSolutionNode = FALSE
	EndGlobalSection
	GlobalSection(ExtensibilityGlobals) = postSolution
		SolutionGuid = {FAC5299B-0ED3-4114-9068-73C220829F0A}
	EndGlobalSection
EndGlobal
