
Microsoft Visual Studio Solution File, Format Version 12.00
# Visual Studio Version 17
VisualStudioVersion = 17.2.32616.157
MinimumVisualStudioVersion = 10.0.40219.1
Project("{FAE04EC0-301F-11D3-BF4B-00C04F79EFBC}") = "HelloMyCSharp05", "HelloMyCSharp05\HelloMyCSharp05.csproj", "{2735E269-EEE5-4001-B0F5-7E8BC1EC9720}"
EndProject
Project("{FAE04EC0-301F-11D3-BF4B-00C04F79EFBC}") = "HelloMyCSharp05_01", "HelloMyCSharp05_01\HelloMyCSharp05_01.csproj", "{E2605575-33EE-4696-B3D4-83B12C026D33}"
EndProject
Project("{FAE04EC0-301F-11D3-BF4B-00C04F79EFBC}") = "HelloMyCSharp05_02", "HelloMyCSharp05_02\HelloMyCSharp05_02.csproj", "{1A4906F9-E0BF-4A69-90F3-F3690F1DD426}"
EndProject
Project("{FAE04EC0-301F-11D3-BF4B-00C04F79EFBC}") = "HelloMyCSharp05_03", "HelloMyCSharp05_03\HelloMyCSharp05_03.csproj", "{6445BE05-AF6F-4B16-84D2-8894EDDBB50B}"
EndProject
Global
	GlobalSection(SolutionConfigurationPlatforms) = preSolution
		Debug|Any CPU = Debug|Any CPU
		Release|Any CPU = Release|Any CPU
	EndGlobalSection
	GlobalSection(ProjectConfigurationPlatforms) = postSolution
		{2735E269-EEE5-4001-B0F5-7E8BC1EC9720}.Debug|Any CPU.ActiveCfg = Debug|Any CPU
		{2735E269-EEE5-4001-B0F5-7E8BC1EC9720}.Debug|Any CPU.Build.0 = Debug|Any CPU
		{2735E269-EEE5-4001-B0F5-7E8BC1EC9720}.Release|Any CPU.ActiveCfg = Release|Any CPU
		{2735E269-EEE5-4001-B0F5-7E8BC1EC9720}.Release|Any CPU.Build.0 = Release|Any CPU
		{E2605575-33EE-4696-B3D4-83B12C026D33}.Debug|Any CPU.ActiveCfg = Debug|Any CPU
		{E2605575-33EE-4696-B3D4-83B12C026D33}.Debug|Any CPU.Build.0 = Debug|Any CPU
		{E2605575-33EE-4696-B3D4-83B12C026D33}.Release|Any CPU.ActiveCfg = Release|Any CPU
		{E2605575-33EE-4696-B3D4-83B12C026D33}.Release|Any CPU.Build.0 = Release|Any CPU
		{1A4906F9-E0BF-4A69-90F3-F3690F1DD426}.Debug|Any CPU.ActiveCfg = Debug|Any CPU
		{1A4906F9-E0BF-4A69-90F3-F3690F1DD426}.Debug|Any CPU.Build.0 = Debug|Any CPU
		{1A4906F9-E0BF-4A69-90F3-F3690F1DD426}.Release|Any CPU.ActiveCfg = Release|Any CPU
		{1A4906F9-E0BF-4A69-90F3-F3690F1DD426}.Release|Any CPU.Build.0 = Release|Any CPU
		{6445BE05-AF6F-4B16-84D2-8894EDDBB50B}.Debug|Any CPU.ActiveCfg = Debug|Any CPU
		{6445BE05-AF6F-4B16-84D2-8894EDDBB50B}.Debug|Any CPU.Build.0 = Debug|Any CPU
		{6445BE05-AF6F-4B16-84D2-8894EDDBB50B}.Release|Any CPU.ActiveCfg = Release|Any CPU
		{6445BE05-AF6F-4B16-84D2-8894EDDBB50B}.Release|Any CPU.Build.0 = Release|Any CPU
	EndGlobalSection
	GlobalSection(SolutionProperties) = preSolution
		HideSolutionNode = FALSE
	EndGlobalSection
	GlobalSection(ExtensibilityGlobals) = postSolution
		SolutionGuid = {8E63D825-F65D-4207-907C-4C0516078DF6}
	EndGlobalSection
EndGlobal
