
Microsoft Visual Studio Solution File, Format Version 12.00
# Visual Studio Version 17
VisualStudioVersion = 17.2.32616.157
MinimumVisualStudioVersion = 10.0.40219.1
Project("{FAE04EC0-301F-11D3-BF4B-00C04F79EFBC}") = "HelloMyCSharp02", "HelloMyCSharp02\HelloMyCSharp02.csproj", "{5E416620-3050-4193-8D91-DAA56E4FFACD}"
EndProject
Global
	GlobalSection(SolutionConfigurationPlatforms) = preSolution
		Debug|Any CPU = Debug|Any CPU
		Release|Any CPU = Release|Any CPU
	EndGlobalSection
	GlobalSection(ProjectConfigurationPlatforms) = postSolution
		{5E416620-3050-4193-8D91-DAA56E4FFACD}.Debug|Any CPU.ActiveCfg = Debug|Any CPU
		{5E416620-3050-4193-8D91-DAA56E4FFACD}.Debug|Any CPU.Build.0 = Debug|Any CPU
		{5E416620-3050-4193-8D91-DAA56E4FFACD}.Release|Any CPU.ActiveCfg = Release|Any CPU
		{5E416620-3050-4193-8D91-DAA56E4FFACD}.Release|Any CPU.Build.0 = Release|Any CPU
	EndGlobalSection
	GlobalSection(SolutionProperties) = preSolution
		HideSolutionNode = FALSE
	EndGlobalSection
	GlobalSection(ExtensibilityGlobals) = postSolution
		SolutionGuid = {2400E61D-C1C9-4046-9F3A-4EBC5689F317}
	EndGlobalSection
EndGlobal
