
Microsoft Visual Studio Solution File, Format Version 12.00
# Visual Studio Version 17
VisualStudioVersion = 17.2.32616.157
MinimumVisualStudioVersion = 10.0.40219.1
Project("{8BC9CEB8-8B4A-11D0-8D11-00A0C91BC942}") = "HelloCStudy01", "HelloCStudy01\HelloCStudy01.vcxproj", "{AEDDBFC8-B64C-4A61-9363-BACA89474840}"
EndProject
Global
	GlobalSection(SolutionConfigurationPlatforms) = preSolution
		Debug|x64 = Debug|x64
		Debug|x86 = Debug|x86
		Release|x64 = Release|x64
		Release|x86 = Release|x86
	EndGlobalSection
	GlobalSection(ProjectConfigurationPlatforms) = postSolution
		{AEDDBFC8-B64C-4A61-9363-BACA89474840}.Debug|x64.ActiveCfg = Debug|x64
		{AEDDBFC8-B64C-4A61-9363-BACA89474840}.Debug|x64.Build.0 = Debug|x64
		{AEDDBFC8-B64C-4A61-9363-BACA89474840}.Debug|x86.ActiveCfg = Debug|Win32
		{AEDDBFC8-B64C-4A61-9363-BACA89474840}.Debug|x86.Build.0 = Debug|Win32
		{AEDDBFC8-B64C-4A61-9363-BACA89474840}.Release|x64.ActiveCfg = Release|x64
		{AEDDBFC8-B64C-4A61-9363-BACA89474840}.Release|x64.Build.0 = Release|x64
		{AEDDBFC8-B64C-4A61-9363-BACA89474840}.Release|x86.ActiveCfg = Release|Win32
		{AEDDBFC8-B64C-4A61-9363-BACA89474840}.Release|x86.Build.0 = Release|Win32
	EndGlobalSection
	GlobalSection(SolutionProperties) = preSolution
		HideSolutionNode = FALSE
	EndGlobalSection
	GlobalSection(ExtensibilityGlobals) = postSolution
		SolutionGuid = {C17D84BF-FCC9-4BF0-8AEF-C1681F1B91D8}
	EndGlobalSection
EndGlobal
