
Microsoft Visual Studio Solution File, Format Version 12.00
# Visual Studio Version 17
VisualStudioVersion = 17.2.32616.157
MinimumVisualStudioVersion = 10.0.40219.1
Project("{FAE04EC0-301F-11D3-BF4B-00C04F79EFBC}") = "HelloMyCSharp10", "HelloMyCSharp10\HelloMyCSharp10.csproj", "{8ED742AD-6456-4773-B01E-5B52A7F4BD73}"
EndProject
Project("{FAE04EC0-301F-11D3-BF4B-00C04F79EFBC}") = "HelloMyCSharp10_01", "HelloMyCSharp10_01\HelloMyCSharp10_01.csproj", "{41549BA1-A9DF-4AA8-AE9F-16B5AA929C4A}"
EndProject
Project("{FAE04EC0-301F-11D3-BF4B-00C04F79EFBC}") = "HelloMyCSharp10_02", "HelloMyCSharp10_02\HelloMyCSharp10_02.csproj", "{510AEB2C-C778-4F37-B759-CAFDA090BE8E}"
EndProject
Project("{FAE04EC0-301F-11D3-BF4B-00C04F79EFBC}") = "HelloMyCSharp10_03", "HelloMyCSharp10_03\HelloMyCSharp10_03.csproj", "{2CB5866A-EFF1-4825-9D4B-2BAB195B6538}"
EndProject
Project("{FAE04EC0-301F-11D3-BF4B-00C04F79EFBC}") = "HelloMyCSharp10_04", "HelloMyCSharp10_04\HelloMyCSharp10_04.csproj", "{04285D85-6A46-437D-839F-367DABE4033C}"
EndProject
Global
	GlobalSection(SolutionConfigurationPlatforms) = preSolution
		Debug|Any CPU = Debug|Any CPU
		Release|Any CPU = Release|Any CPU
	EndGlobalSection
	GlobalSection(ProjectConfigurationPlatforms) = postSolution
		{8ED742AD-6456-4773-B01E-5B52A7F4BD73}.Debug|Any CPU.ActiveCfg = Debug|Any CPU
		{8ED742AD-6456-4773-B01E-5B52A7F4BD73}.Debug|Any CPU.Build.0 = Debug|Any CPU
		{8ED742AD-6456-4773-B01E-5B52A7F4BD73}.Release|Any CPU.ActiveCfg = Release|Any CPU
		{8ED742AD-6456-4773-B01E-5B52A7F4BD73}.Release|Any CPU.Build.0 = Release|Any CPU
		{41549BA1-A9DF-4AA8-AE9F-16B5AA929C4A}.Debug|Any CPU.ActiveCfg = Debug|Any CPU
		{41549BA1-A9DF-4AA8-AE9F-16B5AA929C4A}.Debug|Any CPU.Build.0 = Debug|Any CPU
		{41549BA1-A9DF-4AA8-AE9F-16B5AA929C4A}.Release|Any CPU.ActiveCfg = Release|Any CPU
		{41549BA1-A9DF-4AA8-AE9F-16B5AA929C4A}.Release|Any CPU.Build.0 = Release|Any CPU
		{510AEB2C-C778-4F37-B759-CAFDA090BE8E}.Debug|Any CPU.ActiveCfg = Debug|Any CPU
		{510AEB2C-C778-4F37-B759-CAFDA090BE8E}.Debug|Any CPU.Build.0 = Debug|Any CPU
		{510AEB2C-C778-4F37-B759-CAFDA090BE8E}.Release|Any CPU.ActiveCfg = Release|Any CPU
		{510AEB2C-C778-4F37-B759-CAFDA090BE8E}.Release|Any CPU.Build.0 = Release|Any CPU
		{2CB5866A-EFF1-4825-9D4B-2BAB195B6538}.Debug|Any CPU.ActiveCfg = Debug|Any CPU
		{2CB5866A-EFF1-4825-9D4B-2BAB195B6538}.Debug|Any CPU.Build.0 = Debug|Any CPU
		{2CB5866A-EFF1-4825-9D4B-2BAB195B6538}.Release|Any CPU.ActiveCfg = Release|Any CPU
		{2CB5866A-EFF1-4825-9D4B-2BAB195B6538}.Release|Any CPU.Build.0 = Release|Any CPU
		{04285D85-6A46-437D-839F-367DABE4033C}.Debug|Any CPU.ActiveCfg = Debug|Any CPU
		{04285D85-6A46-437D-839F-367DABE4033C}.Debug|Any CPU.Build.0 = Debug|Any CPU
		{04285D85-6A46-437D-839F-367DABE4033C}.Release|Any CPU.ActiveCfg = Release|Any CPU
		{04285D85-6A46-437D-839F-367DABE4033C}.Release|Any CPU.Build.0 = Release|Any CPU
	EndGlobalSection
	GlobalSection(SolutionProperties) = preSolution
		HideSolutionNode = FALSE
	EndGlobalSection
	GlobalSection(ExtensibilityGlobals) = postSolution
		SolutionGuid = {D7C5CB10-2F5C-4931-8EDA-C120C75AF114}
	EndGlobalSection
EndGlobal
