
Microsoft Visual Studio Solution File, Format Version 12.00
# Visual Studio Version 17
VisualStudioVersion = 17.2.32616.157
MinimumVisualStudioVersion = 10.0.40219.1
Project("{FAE04EC0-301F-11D3-BF4B-00C04F79EFBC}") = "useAPIJson", "useAPIJson\useAPIJson.csproj", "{771859AE-9534-43FB-9A64-8A9EE5B64E9B}"
EndProject
Global
	GlobalSection(SolutionConfigurationPlatforms) = preSolution
		Debug|Any CPU = Debug|Any CPU
		Release|Any CPU = Release|Any CPU
	EndGlobalSection
	GlobalSection(ProjectConfigurationPlatforms) = postSolution
		{771859AE-9534-43FB-9A64-8A9EE5B64E9B}.Debug|Any CPU.ActiveCfg = Debug|Any CPU
		{771859AE-9534-43FB-9A64-8A9EE5B64E9B}.Debug|Any CPU.Build.0 = Debug|Any CPU
		{771859AE-9534-43FB-9A64-8A9EE5B64E9B}.Release|Any CPU.ActiveCfg = Release|Any CPU
		{771859AE-9534-43FB-9A64-8A9EE5B64E9B}.Release|Any CPU.Build.0 = Release|Any CPU
	EndGlobalSection
	GlobalSection(SolutionProperties) = preSolution
		HideSolutionNode = FALSE
	EndGlobalSection
	GlobalSection(ExtensibilityGlobals) = postSolution
		SolutionGuid = {52908B62-3DC7-48A1-AAA7-ED5920171B81}
	EndGlobalSection
EndGlobal
