
Microsoft Visual Studio Solution File, Format Version 12.00
# Visual Studio Version 17
VisualStudioVersion = 17.2.32616.157
MinimumVisualStudioVersion = 10.0.40219.1
Project("{FAE04EC0-301F-11D3-BF4B-00C04F79EFBC}") = "HelloMyCSharp06", "HelloMyCSharp06\HelloMyCSharp06.csproj", "{85E9B8EB-93EF-4B45-AAA6-58DCF7344BF0}"
EndProject
Project("{FAE04EC0-301F-11D3-BF4B-00C04F79EFBC}") = "HelloMyCSharp06_01", "HelloMyCSharp06_01\HelloMyCSharp06_01.csproj", "{EDF9088B-3ECD-448E-B011-44D60931DF2C}"
EndProject
Project("{FAE04EC0-301F-11D3-BF4B-00C04F79EFBC}") = "HelloMyCSharp06_02", "HelloMyCSharp06_02\HelloMyCSharp06_02.csproj", "{FFB46984-6BB4-45C5-A9CD-B1D39414C788}"
EndProject
Project("{FAE04EC0-301F-11D3-BF4B-00C04F79EFBC}") = "HelloMyCSharp06_03", "HelloMyCSharp06_03\HelloMyCSharp06_03.csproj", "{4CD2ED6F-4459-4B96-891F-20FA02687F16}"
EndProject
Project("{FAE04EC0-301F-11D3-BF4B-00C04F79EFBC}") = "HelloMyCSharp06_04", "HelloMyCSharp06_04\HelloMyCSharp06_04.csproj", "{2AE83315-5274-43CF-8981-3BCE67DB60D8}"
EndProject
Project("{FAE04EC0-301F-11D3-BF4B-00C04F79EFBC}") = "HelloMyCSharp06_05", "HelloMyCSharp06_05\HelloMyCSharp06_05.csproj", "{001B1B29-77B1-46E1-BD72-6360B58F767D}"
EndProject
Global
	GlobalSection(SolutionConfigurationPlatforms) = preSolution
		Debug|Any CPU = Debug|Any CPU
		Release|Any CPU = Release|Any CPU
	EndGlobalSection
	GlobalSection(ProjectConfigurationPlatforms) = postSolution
		{85E9B8EB-93EF-4B45-AAA6-58DCF7344BF0}.Debug|Any CPU.ActiveCfg = Debug|Any CPU
		{85E9B8EB-93EF-4B45-AAA6-58DCF7344BF0}.Debug|Any CPU.Build.0 = Debug|Any CPU
		{85E9B8EB-93EF-4B45-AAA6-58DCF7344BF0}.Release|Any CPU.ActiveCfg = Release|Any CPU
		{85E9B8EB-93EF-4B45-AAA6-58DCF7344BF0}.Release|Any CPU.Build.0 = Release|Any CPU
		{EDF9088B-3ECD-448E-B011-44D60931DF2C}.Debug|Any CPU.ActiveCfg = Debug|Any CPU
		{EDF9088B-3ECD-448E-B011-44D60931DF2C}.Debug|Any CPU.Build.0 = Debug|Any CPU
		{EDF9088B-3ECD-448E-B011-44D60931DF2C}.Release|Any CPU.ActiveCfg = Release|Any CPU
		{EDF9088B-3ECD-448E-B011-44D60931DF2C}.Release|Any CPU.Build.0 = Release|Any CPU
		{FFB46984-6BB4-45C5-A9CD-B1D39414C788}.Debug|Any CPU.ActiveCfg = Debug|Any CPU
		{FFB46984-6BB4-45C5-A9CD-B1D39414C788}.Debug|Any CPU.Build.0 = Debug|Any CPU
		{FFB46984-6BB4-45C5-A9CD-B1D39414C788}.Release|Any CPU.ActiveCfg = Release|Any CPU
		{FFB46984-6BB4-45C5-A9CD-B1D39414C788}.Release|Any CPU.Build.0 = Release|Any CPU
		{4CD2ED6F-4459-4B96-891F-20FA02687F16}.Debug|Any CPU.ActiveCfg = Debug|Any CPU
		{4CD2ED6F-4459-4B96-891F-20FA02687F16}.Debug|Any CPU.Build.0 = Debug|Any CPU
		{4CD2ED6F-4459-4B96-891F-20FA02687F16}.Release|Any CPU.ActiveCfg = Release|Any CPU
		{4CD2ED6F-4459-4B96-891F-20FA02687F16}.Release|Any CPU.Build.0 = Release|Any CPU
		{2AE83315-5274-43CF-8981-3BCE67DB60D8}.Debug|Any CPU.ActiveCfg = Debug|Any CPU
		{2AE83315-5274-43CF-8981-3BCE67DB60D8}.Debug|Any CPU.Build.0 = Debug|Any CPU
		{2AE83315-5274-43CF-8981-3BCE67DB60D8}.Release|Any CPU.ActiveCfg = Release|Any CPU
		{2AE83315-5274-43CF-8981-3BCE67DB60D8}.Release|Any CPU.Build.0 = Release|Any CPU
		{001B1B29-77B1-46E1-BD72-6360B58F767D}.Debug|Any CPU.ActiveCfg = Debug|Any CPU
		{001B1B29-77B1-46E1-BD72-6360B58F767D}.Debug|Any CPU.Build.0 = Debug|Any CPU
		{001B1B29-77B1-46E1-BD72-6360B58F767D}.Release|Any CPU.ActiveCfg = Release|Any CPU
		{001B1B29-77B1-46E1-BD72-6360B58F767D}.Release|Any CPU.Build.0 = Release|Any CPU
	EndGlobalSection
	GlobalSection(SolutionProperties) = preSolution
		HideSolutionNode = FALSE
	EndGlobalSection
	GlobalSection(ExtensibilityGlobals) = postSolution
		SolutionGuid = {7172AA15-43CB-4B0B-A032-C8AA597340AB}
	EndGlobalSection
EndGlobal
