
Microsoft Visual Studio Solution File, Format Version 12.00
# Visual Studio Version 17
VisualStudioVersion = 17.2.32616.157
MinimumVisualStudioVersion = 10.0.40219.1
Project("{FAE04EC0-301F-11D3-BF4B-00C04F79EFBC}") = "HelloMyCSharp03", "HelloMyCSharp03\HelloMyCSharp03.csproj", "{0B35C172-E96D-439D-AA07-7B11F9761856}"
EndProject
Global
	GlobalSection(SolutionConfigurationPlatforms) = preSolution
		Debug|Any CPU = Debug|Any CPU
		Release|Any CPU = Release|Any CPU
	EndGlobalSection
	GlobalSection(ProjectConfigurationPlatforms) = postSolution
		{0B35C172-E96D-439D-AA07-7B11F9761856}.Debug|Any CPU.ActiveCfg = Debug|Any CPU
		{0B35C172-E96D-439D-AA07-7B11F9761856}.Debug|Any CPU.Build.0 = Debug|Any CPU
		{0B35C172-E96D-439D-AA07-7B11F9761856}.Release|Any CPU.ActiveCfg = Release|Any CPU
		{0B35C172-E96D-439D-AA07-7B11F9761856}.Release|Any CPU.Build.0 = Release|Any CPU
	EndGlobalSection
	GlobalSection(SolutionProperties) = preSolution
		HideSolutionNode = FALSE
	EndGlobalSection
	GlobalSection(ExtensibilityGlobals) = postSolution
		SolutionGuid = {EFD88D95-94E5-47E7-9857-90A09763B893}
	EndGlobalSection
EndGlobal
